// !$*UTF8*$!
{
	archiveVersion = 1;
	classes = {
	};
	objectVersion = 50;
	objects = {

/* Begin PBXBuildFile section */
		AFC41A7736DD8CB336904209 /* Pods_SphereTest.framework in Frameworks */ = {isa = PBXBuildFile; fileRef = 9D5A6CEEC3CAF25169921087 /* Pods_SphereTest.framework */; };
		DAFA865F25F1EC2D00AEBA10 /* AppDelegate.swift in Sources */ = {isa = PBXBuildFile; fileRef = DAFA865E25F1EC2D00AEBA10 /* AppDelegate.swift */; };
		DAFA866125F1EC2D00AEBA10 /* SceneDelegate.swift in Sources */ = {isa = PBXBuildFile; fileRef = DAFA866025F1EC2D00AEBA10 /* SceneDelegate.swift */; };
		DAFA866325F1EC2D00AEBA10 /* ViewController.swift in Sources */ = {isa = PBXBuildFile; fileRef = DAFA866225F1EC2D00AEBA10 /* ViewController.swift */; };
		DAFA866625F1EC2D00AEBA10 /* Main.storyboard in Resources */ = {isa = PBXBuildFile; fileRef = DAFA866425F1EC2D00AEBA10 /* Main.storyboard */; };
		DAFA866825F1EC3300AEBA10 /* Assets.xcassets in Resources */ = {isa = PBXBuildFile; fileRef = DAFA866725F1EC3300AEBA10 /* Assets.xcassets */; };
		DAFA866B25F1EC3300AEBA10 /* LaunchScreen.storyboard in Resources */ = {isa = PBXBuildFile; fileRef = DAFA866925F1EC3300AEBA10 /* LaunchScreen.storyboard */; };
		DAFA869A25F5EAF500AEBA10 /* a.mp4 in Resources */ = {isa = PBXBuildFile; fileRef = DAFA869925F5EAF500AEBA10 /* a.mp4 */; };
		DAFA869E25F5F04800AEBA10 /* img.jpg in Resources */ = {isa = PBXBuildFile; fileRef = DAFA869D25F5F04800AEBA10 /* img.jpg */; };
		DAFA86CC25F60F8200AEBA10 /* b.mp4 in Resources */ = {isa = PBXBuildFile; fileRef = DAFA86CB25F60F8200AEBA10 /* b.mp4 */; };
		DAFA86DE25F70FDB00AEBA10 /* aT.mp4 in Resources */ = {isa = PBXBuildFile; fileRef = DAFA86DD25F70FDB00AEBA10 /* aT.mp4 */; };
		DAFA870B25F9F66100AEBA10 /* TableView.swift in Sources */ = {isa = PBXBuildFile; fileRef = DAFA870A25F9F66100AEBA10 /* TableView.swift */; };
		DAFA8770260AD87600AEBA10 /* TVcell.swift in Sources */ = {isa = PBXBuildFile; fileRef = DAFA876F260AD87600AEBA10 /* TVcell.swift */; };
/* End PBXBuildFile section */

/* Begin PBXFileReference section */
		897AA79544B230987BCC80F0 /* Pods-SphereTest.release.xcconfig */ = {isa = PBXFileReference; includeInIndex = 1; lastKnownFileType = text.xcconfig; name = "Pods-SphereTest.release.xcconfig"; path = "Pods/Target Support Files/Pods-SphereTest/Pods-SphereTest.release.xcconfig"; sourceTree = "<group>"; };
		9D5A6CEEC3CAF25169921087 /* Pods_SphereTest.framework */ = {isa = PBXFileReference; explicitFileType = wrapper.framework; includeInIndex = 0; path = Pods_SphereTest.framework; sourceTree = BUILT_PRODUCTS_DIR; };
		DAFA865B25F1EC2D00AEBA10 /* SphereTest.app */ = {isa = PBXFileReference; explicitFileType = wrapper.application; includeInIndex = 0; path = SphereTest.app; sourceTree = BUILT_PRODUCTS_DIR; };
		DAFA865E25F1EC2D00AEBA10 /* AppDelegate.swift */ = {isa = PBXFileReference; lastKnownFileType = sourcecode.swift; path = AppDelegate.swift; sourceTree = "<group>"; };
		DAFA866025F1EC2D00AEBA10 /* SceneDelegate.swift */ = {isa = PBXFileReference; lastKnownFileType = sourcecode.swift; path = SceneDelegate.swift; sourceTree = "<group>"; };
		DAFA866225F1EC2D00AEBA10 /* ViewController.swift */ = {isa = PBXFileReference; lastKnownFileType = sourcecode.swift; path = ViewController.swift; sourceTree = "<group>"; };
		DAFA866525F1EC2D00AEBA10 /* Base */ = {isa = PBXFileReference; lastKnownFileType = file.storyboard; name = Base; path = Base.lproj/Main.storyboard; sourceTree = "<group>"; };
		DAFA866725F1EC3300AEBA10 /* Assets.xcassets */ = {isa = PBXFileReference; lastKnownFileType = folder.assetcatalog; path = Assets.xcassets; sourceTree = "<group>"; };
		DAFA866A25F1EC3300AEBA10 /* Base */ = {isa = PBXFileReference; lastKnownFileType = file.storyboard; name = Base; path = Base.lproj/LaunchScreen.storyboard; sourceTree = "<group>"; };
		DAFA866C25F1EC3300AEBA10 /* Info.plist */ = {isa = PBXFileReference; lastKnownFileType = text.plist.xml; path = Info.plist; sourceTree = "<group>"; };
		DAFA869925F5EAF500AEBA10 /* a.mp4 */ = {isa = PBXFileReference; lastKnownFileType = file; path = a.mp4; sourceTree = "<group>"; };
		DAFA869D25F5F04800AEBA10 /* img.jpg */ = {isa = PBXFileReference; lastKnownFileType = image.jpeg; path = img.jpg; sourceTree = "<group>"; };
		DAFA86CB25F60F8200AEBA10 /* b.mp4 */ = {isa = PBXFileReference; lastKnownFileType = file; path = b.mp4; sourceTree = "<group>"; };
		DAFA86DD25F70FDB00AEBA10 /* aT.mp4 */ = {isa = PBXFileReference; lastKnownFileType = file; path = aT.mp4; sourceTree = "<group>"; };
		DAFA870A25F9F66100AEBA10 /* TableView.swift */ = {isa = PBXFileReference; lastKnownFileType = sourcecode.swift; path = TableView.swift; sourceTree = "<group>"; };
		DAFA876F260AD87600AEBA10 /* TVcell.swift */ = {isa = PBXFileReference; lastKnownFileType = sourcecode.swift; path = TVcell.swift; sourceTree = "<group>"; };
		E0F800BFDC5344555AF71D18 /* Pods-SphereTest.debug.xcconfig */ = {isa = PBXFileReference; includeInIndex = 1; lastKnownFileType = text.xcconfig; name = "Pods-SphereTest.debug.xcconfig"; path = "Pods/Target Support Files/Pods-SphereTest/Pods-SphereTest.debug.xcconfig"; sourceTree = "<group>"; };
/* End PBXFileReference section */

/* Begin PBXFrameworksBuildPhase section */
		DAFA865825F1EC2D00AEBA10 /* Frameworks */ = {
			isa = PBXFrameworksBuildPhase;
			buildActionMask = 2147483647;
			files = (
				AFC41A7736DD8CB336904209 /* Pods_SphereTest.framework in Frameworks */,
			);
			runOnlyForDeploymentPostprocessing = 0;
		};
/* End PBXFrameworksBuildPhase section */

/* Begin PBXGroup section */
		0B018BD1302DD768754275FF /* Pods */ = {
			isa = PBXGroup;
			children = (
				E0F800BFDC5344555AF71D18 /* Pods-SphereTest.debug.xcconfig */,
				897AA79544B230987BCC80F0 /* Pods-SphereTest.release.xcconfig */,
			);
			name = Pods;
			sourceTree = "<group>";
		};
		DAFA865225F1EC2D00AEBA10 = {
			isa = PBXGroup;
			children = (
				DAFA865D25F1EC2D00AEBA10 /* SphereTest */,
				DAFA865C25F1EC2D00AEBA10 /* Products */,
				0B018BD1302DD768754275FF /* Pods */,
				E7F99E6242CD6E1B65F83522 /* Frameworks */,
			);
			sourceTree = "<group>";
		};
		DAFA865C25F1EC2D00AEBA10 /* Products */ = {
			isa = PBXGroup;
			children = (
				DAFA865B25F1EC2D00AEBA10 /* SphereTest.app */,
			);
			name = Products;
			sourceTree = "<group>";
		};
		DAFA865D25F1EC2D00AEBA10 /* SphereTest */ = {
			isa = PBXGroup;
			children = (
				DAFA865E25F1EC2D00AEBA10 /* AppDelegate.swift */,
				DAFA866025F1EC2D00AEBA10 /* SceneDelegate.swift */,
				DAFA866225F1EC2D00AEBA10 /* ViewController.swift */,
				DAFA870A25F9F66100AEBA10 /* TableView.swift */,
				DAFA866425F1EC2D00AEBA10 /* Main.storyboard */,
				DAFA866725F1EC3300AEBA10 /* Assets.xcassets */,
				DAFA866925F1EC3300AEBA10 /* LaunchScreen.storyboard */,
				DAFA866C25F1EC3300AEBA10 /* Info.plist */,
				DAFA869925F5EAF500AEBA10 /* a.mp4 */,
				DAFA869D25F5F04800AEBA10 /* img.jpg */,
				DAFA86CB25F60F8200AEBA10 /* b.mp4 */,
				DAFA86DD25F70FDB00AEBA10 /* aT.mp4 */,
				DAFA876F260AD87600AEBA10 /* TVcell.swift */,
			);
			path = SphereTest;
			sourceTree = "<group>";
		};
		E7F99E6242CD6E1B65F83522 /* Frameworks */ = {
			isa = PBXGroup;
			children = (
				9D5A6CEEC3CAF25169921087 /* Pods_SphereTest.framework */,
			);
			name = Frameworks;
			sourceTree = "<group>";
		};
/* End PBXGroup section */

/* Begin PBXNativeTarget section */
		DAFA865A25F1EC2D00AEBA10 /* SphereTest */ = {
			isa = PBXNativeTarget;
			buildConfigurationList = DAFA866F25F1EC3300AEBA10 /* Build configuration list for PBXNativeTarget "SphereTest" */;
			buildPhases = (
				40DE62342C00A2CC522AA007 /* [CP] Check Pods Manifest.lock */,
				DAFA865725F1EC2D00AEBA10 /* Sources */,
				DAFA865825F1EC2D00AEBA10 /* Frameworks */,
				DAFA865925F1EC2D00AEBA10 /* Resources */,
				571807CBFC2ED72C885E385B /* [CP] Embed Pods Frameworks */,
			);
			buildRules = (
			);
			dependencies = (
			);
			name = SphereTest;
			productName = SphereTest;
			productReference = DAFA865B25F1EC2D00AEBA10 /* SphereTest.app */;
			productType = "com.apple.product-type.application";
		};
/* End PBXNativeTarget section */

/* Begin PBXProject section */
		DAFA865325F1EC2D00AEBA10 /* Project object */ = {
			isa = PBXProject;
			attributes = {
				LastSwiftUpdateCheck = 1240;
				LastUpgradeCheck = 1240;
				TargetAttributes = {
					DAFA865A25F1EC2D00AEBA10 = {
						CreatedOnToolsVersion = 12.4;
					};
				};
			};
			buildConfigurationList = DAFA865625F1EC2D00AEBA10 /* Build configuration list for PBXProject "SphereTest" */;
			compatibilityVersion = "Xcode 9.3";
			developmentRegion = en;
			hasScannedForEncodings = 0;
			knownRegions = (
				en,
				Base,
			);
			mainGroup = DAFA865225F1EC2D00AEBA10;
			productRefGroup = DAFA865C25F1EC2D00AEBA10 /* Products */;
			projectDirPath = "";
			projectRoot = "";
			targets = (
				DAFA865A25F1EC2D00AEBA10 /* SphereTest */,
			);
		};
/* End PBXProject section */

/* Begin PBXResourcesBuildPhase section */
		DAFA865925F1EC2D00AEBA10 /* Resources */ = {
			isa = PBXResourcesBuildPhase;
			buildActionMask = 2147483647;
			files = (
				DAFA86CC25F60F8200AEBA10 /* b.mp4 in Resources */,
				DAFA869A25F5EAF500AEBA10 /* a.mp4 in Resources */,
				DAFA866B25F1EC3300AEBA10 /* LaunchScreen.storyboard in Resources */,
				DAFA866825F1EC3300AEBA10 /* Assets.xcassets in Resources */,
				DAFA866625F1EC2D00AEBA10 /* Main.storyboard in Resources */,
				DAFA86DE25F70FDB00AEBA10 /* aT.mp4 in Resources */,
				DAFA869E25F5F04800AEBA10 /* img.jpg in Resources */,
			);
			runOnlyForDeploymentPostprocessing = 0;
		};
/* End PBXResourcesBuildPhase section */

/* Begin PBXShellScriptBuildPhase section */
		40DE62342C00A2CC522AA007 /* [CP] Check Pods Manifest.lock */ = {
			isa = PBXShellScriptBuildPhase;
			buildActionMask = 2147483647;
			files = (
			);
			inputPaths = (
				"${PODS_PODFILE_DIR_PATH}/Podfile.lock",
				"${PODS_ROOT}/Manifest.lock",
			);
			name = "[CP] Check Pods Manifest.lock";
			outputPaths = (
				"$(DERIVED_FILE_DIR)/Pods-SphereTest-checkManifestLockResult.txt",
			);
			runOnlyForDeploymentPostprocessing = 0;
			shellPath = /bin/sh;
			shellScript = "diff \"${PODS_PODFILE_DIR_PATH}/Podfile.lock\" \"${PODS_ROOT}/Manifest.lock\" > /dev/null\nif [ $? != 0 ] ; then\n    # print error to STDERR\n    echo \"error: The sandbox is not in sync with the Podfile.lock. Run 'pod install' or update your CocoaPods installation.\" >&2\n    exit 1\nfi\n# This output is used by Xcode 'outputs' to avoid re-running this script phase.\necho \"SUCCESS\" > \"${SCRIPT_OUTPUT_FILE_0}\"\n";
			showEnvVarsInLog = 0;
		};
		571807CBFC2ED72C885E385B /* [CP] Embed Pods Frameworks */ = {
			isa = PBXShellScriptBuildPhase;
			buildActionMask = 2147483647;
			files = (
			);
			inputPaths = (
				"${SRCROOT}/Pods/Target Support Files/Pods-SphereTest/Pods-SphereTest-frameworks.sh",
				"${BUILT_PRODUCTS_DIR}/Alamofire/Alamofire.framework",
			);
			name = "[CP] Embed Pods Frameworks";
			outputPaths = (
				"${TARGET_BUILD_DIR}/${FRAMEWORKS_FOLDER_PATH}/Alamofire.framework",
			);
			runOnlyForDeploymentPostprocessing = 0;
			shellPath = /bin/sh;
			shellScript = "\"${SRCROOT}/Pods/Target Support Files/Pods-SphereTest/Pods-SphereTest-frameworks.sh\"\n";
			showEnvVarsInLog = 0;
		};
/* End PBXShellScriptBuildPhase section */

/* Begin PBXSourcesBuildPhase section */
		DAFA865725F1EC2D00AEBA10 /* Sources */ = {
			isa = PBXSourcesBuildPhase;
			buildActionMask = 2147483647;
			files = (
				DAFA8770260AD87600AEBA10 /* TVcell.swift in Sources */,
				DAFA866325F1EC2D00AEBA10 /* ViewController.swift in Sources */,
				DAFA870B25F9F66100AEBA10 /* TableView.swift in Sources */,
				DAFA865F25F1EC2D00AEBA10 /* AppDelegate.swift in Sources */,
				DAFA866125F1EC2D00AEBA10 /* SceneDelegate.swift in Sources */,
			);
			runOnlyForDeploymentPostprocessing = 0;
		};
/* End PBXSourcesBuildPhase section */

/* Begin PBXVariantGroup section */
		DAFA866425F1EC2D00AEBA10 /* Main.storyboard */ = {
			isa = PBXVariantGroup;
			children = (
				DAFA866525F1EC2D00AEBA10 /* Base */,
			);
			name = Main.storyboard;
			sourceTree = "<group>";
		};
		DAFA866925F1EC3300AEBA10 /* LaunchScreen.storyboard */ = {
			isa = PBXVariantGroup;
			children = (
				DAFA866A25F1EC3300AEBA10 /* Base */,
			);
			name = LaunchScreen.storyboard;
			sourceTree = "<group>";
		};
/* End PBXVariantGroup section */

/* Begin XCBuildConfiguration section */
		DAFA866D25F1EC3300AEBA10 /* Debug */ = {
			isa = XCBuildConfiguration;
			buildSettings = {
				ALWAYS_SEARCH_USER_PATHS = NO;
				CLANG_ANALYZER_NONNULL = YES;
				CLANG_ANALYZER_NUMBER_OBJECT_CONVERSION = YES_AGGRESSIVE;
				CLANG_CXX_LANGUAGE_STANDARD = "gnu++14";
				CLANG_CXX_LIBRARY = "libc++";
				CLANG_ENABLE_MODULES = YES;
				CLANG_ENABLE_OBJC_ARC = YES;
				CLANG_ENABLE_OBJC_WEAK = YES;
				CLANG_WARN_BLOCK_CAPTURE_AUTORELEASING = YES;
				CLANG_WARN_BOOL_CONVERSION = YES;
				CLANG_WARN_COMMA = YES;
				CLANG_WARN_CONSTANT_CONVERSION = YES;
				CLANG_WARN_DEPRECATED_OBJC_IMPLEMENTATIONS = YES;
				CLANG_WARN_DIRECT_OBJC_ISA_USAGE = YES_ERROR;
				CLANG_WARN_DOCUMENTATION_COMMENTS = YES;
				CLANG_WARN_EMPTY_BODY = YES;
				CLANG_WARN_ENUM_CONVERSION = YES;
				CLANG_WARN_INFINITE_RECURSION = YES;
				CLANG_WARN_INT_CONVERSION = YES;
				CLANG_WARN_NON_LITERAL_NULL_CONVERSION = YES;
				CLANG_WARN_OBJC_IMPLICIT_RETAIN_SELF = YES;
				CLANG_WARN_OBJC_LITERAL_CONVERSION = YES;
				CLANG_WARN_OBJC_ROOT_CLASS = YES_ERROR;
				CLANG_WARN_QUOTED_INCLUDE_IN_FRAMEWORK_HEADER = YES;
				CLANG_WARN_RANGE_LOOP_ANALYSIS = YES;
				CLANG_WARN_STRICT_PROTOTYPES = YES;
				CLANG_WARN_SUSPICIOUS_MOVE = YES;
				CLANG_WARN_UNGUARDED_AVAILABILITY = YES_AGGRESSIVE;
				CLANG_WARN_UNREACHABLE_CODE = YES;
				CLANG_WARN__DUPLICATE_METHOD_MATCH = YES;
				COPY_PHASE_STRIP = NO;
				DEBUG_INFORMATION_FORMAT = dwarf;
				ENABLE_STRICT_OBJC_MSGSEND = YES;
				ENABLE_TESTABILITY = YES;
				GCC_C_LANGUAGE_STANDARD = gnu11;
				GCC_DYNAMIC_NO_PIC = NO;
				GCC_NO_COMMON_BLOCKS = YES;
				GCC_OPTIMIZATION_LEVEL = 0;
				GCC_PREPROCESSOR_DEFINITIONS = (
					"DEBUG=1",
					"$(inherited)",
				);
				GCC_WARN_64_TO_32_BIT_CONVERSION = YES;
				GCC_WARN_ABOUT_RETURN_TYPE = YES_ERROR;
				GCC_WARN_UNDECLARED_SELECTOR = YES;
				GCC_WARN_UNINITIALIZED_AUTOS = YES_AGGRESSIVE;
				GCC_WARN_UNUSED_FUNCTION = YES;
				GCC_WARN_UNUSED_VARIABLE = YES;
				IPHONEOS_DEPLOYMENT_TARGET = 13.0;
				MTL_ENABLE_DEBUG_INFO = INCLUDE_SOURCE;
				MTL_FAST_MATH = YES;
				ONLY_ACTIVE_ARCH = YES;
				SDKROOT = iphoneos;
				SWIFT_ACTIVE_COMPILATION_CONDITIONS = DEBUG;
				SWIFT_OPTIMIZATION_LEVEL = "-Onone";
			};
			name = Debug;
		};
		DAFA866E25F1EC3300AEBA10 /* Release */ = {
			isa = XCBuildConfiguration;
			buildSettings = {
				ALWAYS_SEARCH_USER_PATHS = NO;
				CLANG_ANALYZER_NONNULL = YES;
				CLANG_ANALYZER_NUMBER_OBJECT_CONVERSION = YES_AGGRESSIVE;
				CLANG_CXX_LANGUAGE_STANDARD = "gnu++14";
				CLANG_CXX_LIBRARY = "libc++";
				CLANG_ENABLE_MODULES = YES;
				CLANG_ENABLE_OBJC_ARC = YES;
				CLANG_ENABLE_OBJC_WEAK = YES;
				CLANG_WARN_BLOCK_CAPTURE_AUTORELEASING = YES;
				CLANG_WARN_BOOL_CONVERSION = YES;
				CLANG_WARN_COMMA = YES;
				CLANG_WARN_CONSTANT_CONVERSION = YES;
				CLANG_WARN_DEPRECATED_OBJC_IMPLEMENTATIONS = YES;
				CLANG_WARN_DIRECT_OBJC_ISA_USAGE = YES_ERROR;
				CLANG_WARN_DOCUMENTATION_COMMENTS = YES;
				CLANG_WARN_EMPTY_BODY = YES;
				CLANG_WARN_ENUM_CONVERSION = YES;
				CLANG_WARN_INFINITE_RECURSION = YES;
				CLANG_WARN_INT_CONVERSION = YES;
				CLANG_WARN_NON_LITERAL_NULL_CONVERSION = YES;
				CLANG_WARN_OBJC_IMPLICIT_RETAIN_SELF = YES;
				CLANG_WARN_OBJC_LITERAL_CONVERSION = YES;
				CLANG_WARN_OBJC_ROOT_CLASS = YES_ERROR;
				CLANG_WARN_QUOTED_INCLUDE_IN_FRAMEWORK_HEADER = YES;
				CLANG_WARN_RANGE_LOOP_ANALYSIS = YES;
				CLANG_WARN_STRICT_PROTOTYPES = YES;
				CLANG_WARN_SUSPICIOUS_MOVE = YES;
				CLANG_WARN_UNGUARDED_AVAILABILITY = YES_AGGRESSIVE;
				CLANG_WARN_UNREACHABLE_CODE = YES;
				CLANG_WARN__DUPLICATE_METHOD_MATCH = YES;
				COPY_PHASE_STRIP = NO;
				DEBUG_INFORMATION_FORMAT = "dwarf-with-dsym";
				ENABLE_NS_ASSERTIONS = NO;
				ENABLE_STRICT_OBJC_MSGSEND = YES;
				GCC_C_LANGUAGE_STANDARD = gnu11;
				GCC_NO_COMMON_BLOCKS = YES;
				GCC_WARN_64_TO_32_BIT_CONVERSION = YES;
				GCC_WARN_ABOUT_RETURN_TYPE = YES_ERROR;
				GCC_WARN_UNDECLARED_SELECTOR = YES;
				GCC_WARN_UNINITIALIZED_AUTOS = YES_AGGRESSIVE;
				GCC_WARN_UNUSED_FUNCTION = YES;
				GCC_WARN_UNUSED_VARIABLE = YES;
				IPHONEOS_DEPLOYMENT_TARGET = 13.0;
				MTL_ENABLE_DEBUG_INFO = NO;
				MTL_FAST_MATH = YES;
				SDKROOT = iphoneos;
				SWIFT_COMPILATION_MODE = wholemodule;
				SWIFT_OPTIMIZATION_LEVEL = "-O";
				VALIDATE_PRODUCT = YES;
			};
			name = Release;
		};
		DAFA867025F1EC3300AEBA10 /* Debug */ = {
			isa = XCBuildConfiguration;
			baseConfigurationReference = E0F800BFDC5344555AF71D18 /* Pods-SphereTest.debug.xcconfig */;
			buildSettings = {
				ASSETCATALOG_COMPILER_APPICON_NAME = AppIcon;
				ASSETCATALOG_COMPILER_GLOBAL_ACCENT_COLOR_NAME = AccentColor;
				CODE_SIGN_IDENTITY = "iPhone Distribution";
				CODE_SIGN_STYLE = Manual;
				DEVELOPMENT_TEAM = 4382UUDHW6;
				INFOPLIST_FILE = SphereTest/Info.plist;
				LD_RUNPATH_SEARCH_PATHS = (
					"$(inherited)",
					"@executable_path/Frameworks",
				);
				PRODUCT_BUNDLE_IDENTIFIER = "zsysaber-yahoo.co.jp.SphereTest";
				PRODUCT_NAME = "$(TARGET_NAME)";
				PROVISIONING_PROFILE_SPECIFIER = Aurora;
				SWIFT_VERSION = 5.0;
				TARGETED_DEVICE_FAMILY = 1;
			};
			name = Debug;
		};
		DAFA867125F1EC3300AEBA10 /* Release */ = {
			isa = XCBuildConfiguration;
			baseConfigurationReference = 897AA79544B230987BCC80F0 /* Pods-SphereTest.release.xcconfig */;
			buildSettings = {
				ASSETCATALOG_COMPILER_APPICON_NAME = AppIcon;
				ASSETCATALOG_COMPILER_GLOBAL_ACCENT_COLOR_NAME = AccentColor;
				CODE_SIGN_IDENTITY = "iPhone Distribution";
				CODE_SIGN_STYLE = Manual;
				DEVELOPMENT_TEAM = 4382UUDHW6;
				INFOPLIST_FILE = SphereTest/Info.plist;
				LD_RUNPATH_SEARCH_PATHS = (
					"$(inherited)",
					"@executable_path/Frameworks",
				);
				PRODUCT_BUNDLE_IDENTIFIER = "zsysaber-yahoo.co.jp.SphereTest";
				PRODUCT_NAME = "$(TARGET_NAME)";
				PROVISIONING_PROFILE_SPECIFIER = Aurora;
				SWIFT_VERSION = 5.0;
				TARGETED_DEVICE_FAMILY = 1;
			};
			name = Release;
		};
/* End XCBuildConfiguration section */

/* Begin XCConfigurationList section */
		DAFA865625F1EC2D00AEBA10 /* Build configuration list for PBXProject "SphereTest" */ = {
			isa = XCConfigurationList;
			buildConfigurations = (
				DAFA866D25F1EC3300AEBA10 /* Debug */,
				DAFA866E25F1EC3300AEBA10 /* Release */,
			);
			defaultConfigurationIsVisible = 0;
			defaultConfigurationName = Release;
		};
		DAFA866F25F1EC3300AEBA10 /* Build configuration list for PBXNativeTarget "SphereTest" */ = {
			isa = XCConfigurationList;
			buildConfigurations = (
				DAFA867025F1EC3300AEBA10 /* Debug */,
				DAFA867125F1EC3300AEBA10 /* Release */,
			);
			defaultConfigurationIsVisible = 0;
			defaultConfigurationName = Release;
		};
/* End XCConfigurationList section */
	};
	rootObject = DAFA865325F1EC2D00AEBA10 /* Project object */;
}
